
Microsoft Visual Studio Solution File, Format Version 12.00
# Visual Studio 2012
Project("{FAE04EC0-301F-11D3-BF4B-00C04F79EFBC}") = "WAWS.Git.App", "WAWS.Demo.App\WAWS.Git.App.csproj", "{49CB20EE-8939-404C-96AE-C3A78CBBC479}"
EndProject
Project("{FAE04EC0-301F-11D3-BF4B-00C04F79EFBC}") = "WAWS.Demo.App.Tests", "WAWS.Demo.App.Tests\WAWS.Demo.App.Tests.csproj", "{8526240F-54CA-412C-91EF-E12CE34C0A68}"
EndProject
Global
	GlobalSection(SolutionConfigurationPlatforms) = preSolution
		Debug|Any CPU = Debug|Any CPU
		Release|Any CPU = Release|Any CPU
	EndGlobalSection
	GlobalSection(ProjectConfigurationPlatforms) = postSolution
		{49CB20EE-8939-404C-96AE-C3A78CBBC479}.Debug|Any CPU.ActiveCfg = Debug|Any CPU
		{49CB20EE-8939-404C-96AE-C3A78CBBC479}.Debug|Any CPU.Build.0 = Debug|Any CPU
		{49CB20EE-8939-404C-96AE-C3A78CBBC479}.Release|Any CPU.ActiveCfg = Release|Any CPU
		{49CB20EE-8939-404C-96AE-C3A78CBBC479}.Release|Any CPU.Build.0 = Release|Any CPU
		{8526240F-54CA-412C-91EF-E12CE34C0A68}.Debug|Any CPU.ActiveCfg = Debug|Any CPU
		{8526240F-54CA-412C-91EF-E12CE34C0A68}.Debug|Any CPU.Build.0 = Debug|Any CPU
		{8526240F-54CA-412C-91EF-E12CE34C0A68}.Release|Any CPU.ActiveCfg = Release|Any CPU
		{8526240F-54CA-412C-91EF-E12CE34C0A68}.Release|Any CPU.Build.0 = Release|Any CPU
	EndGlobalSection
	GlobalSection(SolutionProperties) = preSolution
		HideSolutionNode = FALSE
	EndGlobalSection
EndGlobal
